# This file was autogenerated by Stack.
# You should not edit this file by hand.
# For more information, please see the documentation at:
#   https://docs.haskellstack.org/en/stable/topics/lock_files

packages:
- completed:
    hackage: HUnit-1.6.2.0@sha256:1a79174e8af616117ad39464cac9de205ca923da6582825e97c10786fda933a4,1588
    pantry-tree:
      sha256: 4f20a5a33866171260d0ee1e256c27f53cc84d37a68d498c3e12347f4e3d05b4
      size: 878
  original:
    hackage: HUnit-1.6.2.0
- completed:
    hackage: lsp-2.3.0.0@sha256:b21f38d07a75db14fd72fd944238c76fc9fe40b8b11aee8940db520342475d96,3686
    pantry-tree:
      sha256: 4ceacfdb0fe66f4e1e63d1131dc1300c42c381a14e2b67a105836ca58939a84b
      size: 1044
  original:
    hackage: lsp-2.3.0.0@sha256:b21f38d07a75db14fd72fd944238c76fc9fe40b8b11aee8940db520342475d96,3686
- completed:
    hackage: lsp-types-2.1.0.0@sha256:271e80ad8a51c46a61e2ca18dd3454d4bd1a9b6e0f2aa15d6cbad9e2984da69b,29541
    pantry-tree:
      sha256: df123e055ffc59a164a1c63cda165e6b3fc18eca7319d2e53419af41b331513e
      size: 45529
  original:
    hackage: lsp-types-2.1.0.0@sha256:271e80ad8a51c46a61e2ca18dd3454d4bd1a9b6e0f2aa15d6cbad9e2984da69b,29541
snapshots:
- completed:
    sha256: 238fa745b64f91184f9aa518fe04bdde6552533d169b0da5256670df83a0f1a9
    size: 721141
    url: https://raw.githubusercontent.com/commercialhaskell/stackage-snapshots/master/lts/22/44.yaml
  original: lts-22.44
